
Microsoft Visual Studio Solution File, Format Version 12.00
# Visual Studio Version 16
VisualStudioVersion = 16.0.30309.148
MinimumVisualStudioVersion = 10.0.40219.1
Project("{FAE04EC0-301F-11D3-BF4B-00C04F79EFBC}") = "move_in_y", "move_in_y\move_in_y.csproj", "{787AC9C4-75D9-47C0-AFA5-6DB6C6047E7F}"
EndProject
Global
	GlobalSection(SolutionConfigurationPlatforms) = preSolution
		Debug|Any CPU = Debug|Any CPU
		Release|Any CPU = Release|Any CPU
	EndGlobalSection
	GlobalSection(ProjectConfigurationPlatforms) = postSolution
		{787AC9C4-75D9-47C0-AFA5-6DB6C6047E7F}.Debug|Any CPU.ActiveCfg = Debug|Any CPU
		{787AC9C4-75D9-47C0-AFA5-6DB6C6047E7F}.Debug|Any CPU.Build.0 = Debug|Any CPU
		{787AC9C4-75D9-47C0-AFA5-6DB6C6047E7F}.Release|Any CPU.ActiveCfg = Release|Any CPU
		{787AC9C4-75D9-47C0-AFA5-6DB6C6047E7F}.Release|Any CPU.Build.0 = Release|Any CPU
	EndGlobalSection
	GlobalSection(SolutionProperties) = preSolution
		HideSolutionNode = FALSE
	EndGlobalSection
	GlobalSection(ExtensibilityGlobals) = postSolution
		SolutionGuid = {6762DC34-FCF0-43A3-90BB-8AED3E846F3B}
	EndGlobalSection
EndGlobal
