
Microsoft Visual Studio Solution File, Format Version 12.00
# Visual Studio Version 16
VisualStudioVersion = 16.0.30309.148
MinimumVisualStudioVersion = 10.0.40219.1
Project("{FAE04EC0-301F-11D3-BF4B-00C04F79EFBC}") = "PatternGridLines", "PatternGridLines\PatternGridLines.csproj", "{A3AC655E-E220-44DC-A7E2-4B79C6E5E839}"
EndProject
Global
	GlobalSection(SolutionConfigurationPlatforms) = preSolution
		Debug|Any CPU = Debug|Any CPU
		Release|Any CPU = Release|Any CPU
	EndGlobalSection
	GlobalSection(ProjectConfigurationPlatforms) = postSolution
		{A3AC655E-E220-44DC-A7E2-4B79C6E5E839}.Debug|Any CPU.ActiveCfg = Debug|Any CPU
		{A3AC655E-E220-44DC-A7E2-4B79C6E5E839}.Debug|Any CPU.Build.0 = Debug|Any CPU
		{A3AC655E-E220-44DC-A7E2-4B79C6E5E839}.Release|Any CPU.ActiveCfg = Release|Any CPU
		{A3AC655E-E220-44DC-A7E2-4B79C6E5E839}.Release|Any CPU.Build.0 = Release|Any CPU
	EndGlobalSection
	GlobalSection(SolutionProperties) = preSolution
		HideSolutionNode = FALSE
	EndGlobalSection
	GlobalSection(ExtensibilityGlobals) = postSolution
		SolutionGuid = {CF4EB77A-888D-447B-B692-EC6AD199327A}
	EndGlobalSection
EndGlobal
